
Microsoft Visual Studio Solution File, Format Version 12.00
# Visual Studio 2013
VisualStudioVersion = 12.0.31101.0
MinimumVisualStudioVersion = 10.0.40219.1
Project("{2150E333-8FDC-42A3-9474-1A3956D46DE8}") = "Structural", "Structural", "{3292B661-CCD1-48FD-BB75-8D8FE0AE4F75}"
	ProjectSection(SolutionItems) = preProject
		StructuralGroupDescription.txt = StructuralGroupDescription.txt
	EndProjectSection
EndProject
Project("{2150E333-8FDC-42A3-9474-1A3956D46DE8}") = "Behavioral", "Behavioral", "{E3036BD3-62C0-428A-B0D2-8CB62CB14AF5}"
	ProjectSection(SolutionItems) = preProject
		BehavioralGroupDescription.txt = BehavioralGroupDescription.txt
	EndProjectSection
EndProject
Project("{2150E333-8FDC-42A3-9474-1A3956D46DE8}") = "Creational", "Creational", "{67877188-2124-4437-B560-C1AA7C25E3B9}"
	ProjectSection(SolutionItems) = preProject
		CreationalGroupDescription.txt = CreationalGroupDescription.txt
	EndProjectSection
EndProject
Project("{FAE04EC0-301F-11D3-BF4B-00C04F79EFBC}") = "Adapter", "Structural\Adapter\Adapter.csproj", "{FA38815E-FF60-45B3-99B2-67F46E48D3F2}"
EndProject
Project("{FAE04EC0-301F-11D3-BF4B-00C04F79EFBC}") = "Bridge", "Structural\Bridge\Bridge.csproj", "{364DF0CD-27D7-4A4E-8891-0DD947FB4AA9}"
EndProject
Project("{FAE04EC0-301F-11D3-BF4B-00C04F79EFBC}") = "Composite", "Structural\Composite\Composite.csproj", "{73A863D8-ED4A-4532-831B-7B4C6A99C7ED}"
EndProject
Project("{FAE04EC0-301F-11D3-BF4B-00C04F79EFBC}") = "Decorator", "Structural\Decorator\Decorator.csproj", "{282D60DE-ECAB-4639-80F4-CB214AC10FD7}"
EndProject
Project("{FAE04EC0-301F-11D3-BF4B-00C04F79EFBC}") = "Facade", "Structural\Facade\Facade.csproj", "{0BA7BD7C-872F-488D-84E5-1CC9F4375685}"
EndProject
Project("{FAE04EC0-301F-11D3-BF4B-00C04F79EFBC}") = "Flyweight", "Structural\Flyweight\Flyweight.csproj", "{28E09D1A-2950-4165-8F81-94C691427756}"
EndProject
Project("{FAE04EC0-301F-11D3-BF4B-00C04F79EFBC}") = "Proxy", "Structural\Proxy\Proxy.csproj", "{280A8209-D89E-4ACB-85A3-8D742F95982A}"
EndProject
Project("{FAE04EC0-301F-11D3-BF4B-00C04F79EFBC}") = "AbstractFactory", "Creational\AbstractFactory\AbstractFactory.csproj", "{E1E20638-6C9C-415C-BB78-EAA44A8C990F}"
EndProject
Project("{FAE04EC0-301F-11D3-BF4B-00C04F79EFBC}") = "Builder", "Creational\Builder\Builder.csproj", "{2CD5850A-91FF-4585-9DB8-94D34BD18A2E}"
EndProject
Project("{FAE04EC0-301F-11D3-BF4B-00C04F79EFBC}") = "FactoryMethod", "Creational\FactoryMethod\FactoryMethod.csproj", "{2E8A6B30-FEFB-496F-9170-1B3E22ADC0CD}"
EndProject
Project("{FAE04EC0-301F-11D3-BF4B-00C04F79EFBC}") = "Prototype", "Creational\Prototype\Prototype.csproj", "{DB63F18B-F38D-43FC-9882-7C834C8F9241}"
EndProject
Project("{FAE04EC0-301F-11D3-BF4B-00C04F79EFBC}") = "Singleton", "Creational\Singleton\Singleton.csproj", "{942A0A37-3393-46EF-B04D-C0616E63BDEA}"
EndProject
Project("{FAE04EC0-301F-11D3-BF4B-00C04F79EFBC}") = "ChainOfResponsibility", "Behavioral\ChainOfResponsibility\ChainOfResponsibility.csproj", "{12F21606-C077-44C2-88E7-0BB816682437}"
EndProject
Project("{FAE04EC0-301F-11D3-BF4B-00C04F79EFBC}") = "Command", "Behavioral\Command\Command.csproj", "{B45CBD61-BF31-4BF5-A221-B83213B29D15}"
EndProject
Project("{FAE04EC0-301F-11D3-BF4B-00C04F79EFBC}") = "Interpreter", "Behavioral\Interpreter\Interpreter.csproj", "{7E74D61C-F289-485C-876F-B5CDF021764B}"
EndProject
Project("{FAE04EC0-301F-11D3-BF4B-00C04F79EFBC}") = "Iterator", "Behavioral\Iterator\Iterator.csproj", "{6978EC3D-3DA0-4346-B0AF-7F4A3C9C7FF8}"
EndProject
Project("{FAE04EC0-301F-11D3-BF4B-00C04F79EFBC}") = "Mediator", "Behavioral\Mediator\Mediator.csproj", "{CA1E2C52-B7BD-420D-9F72-2ABE41E45C40}"
EndProject
Project("{FAE04EC0-301F-11D3-BF4B-00C04F79EFBC}") = "Memento", "Behavioral\Memento\Memento.csproj", "{B5889742-76C3-4B51-88CD-1FCF93E1FA0E}"
EndProject
Project("{FAE04EC0-301F-11D3-BF4B-00C04F79EFBC}") = "Observer", "Behavioral\Observer\Observer.csproj", "{6892AE17-174F-45A2-93CB-9E8099BFBECF}"
EndProject
Project("{FAE04EC0-301F-11D3-BF4B-00C04F79EFBC}") = "State", "Behavioral\State\State.csproj", "{9C71A8E9-1CDB-4E67-94FE-F6B2199380FD}"
EndProject
Project("{FAE04EC0-301F-11D3-BF4B-00C04F79EFBC}") = "Strategy", "Behavioral\Strategy\Strategy.csproj", "{BC19C5B9-C187-43D1-9C8E-52432EB4A1A4}"
EndProject
Project("{FAE04EC0-301F-11D3-BF4B-00C04F79EFBC}") = "TemplateMethod", "Behavioral\TemplateMethod\TemplateMethod.csproj", "{B491644C-8B3E-4364-9CA3-B9D78A5B78D3}"
EndProject
Project("{FAE04EC0-301F-11D3-BF4B-00C04F79EFBC}") = "Visitor", "Behavioral\Visitor\Visitor.csproj", "{325B81C5-CC03-4701-B9EA-A86648A9FD2B}"
EndProject
Global
	GlobalSection(SolutionConfigurationPlatforms) = preSolution
		Debug|Any CPU = Debug|Any CPU
		Release|Any CPU = Release|Any CPU
	EndGlobalSection
	GlobalSection(ProjectConfigurationPlatforms) = postSolution
		{FA38815E-FF60-45B3-99B2-67F46E48D3F2}.Debug|Any CPU.ActiveCfg = Debug|Any CPU
		{FA38815E-FF60-45B3-99B2-67F46E48D3F2}.Debug|Any CPU.Build.0 = Debug|Any CPU
		{FA38815E-FF60-45B3-99B2-67F46E48D3F2}.Release|Any CPU.ActiveCfg = Release|Any CPU
		{FA38815E-FF60-45B3-99B2-67F46E48D3F2}.Release|Any CPU.Build.0 = Release|Any CPU
		{364DF0CD-27D7-4A4E-8891-0DD947FB4AA9}.Debug|Any CPU.ActiveCfg = Debug|Any CPU
		{364DF0CD-27D7-4A4E-8891-0DD947FB4AA9}.Debug|Any CPU.Build.0 = Debug|Any CPU
		{364DF0CD-27D7-4A4E-8891-0DD947FB4AA9}.Release|Any CPU.ActiveCfg = Release|Any CPU
		{364DF0CD-27D7-4A4E-8891-0DD947FB4AA9}.Release|Any CPU.Build.0 = Release|Any CPU
		{73A863D8-ED4A-4532-831B-7B4C6A99C7ED}.Debug|Any CPU.ActiveCfg = Debug|Any CPU
		{73A863D8-ED4A-4532-831B-7B4C6A99C7ED}.Debug|Any CPU.Build.0 = Debug|Any CPU
		{73A863D8-ED4A-4532-831B-7B4C6A99C7ED}.Release|Any CPU.ActiveCfg = Release|Any CPU
		{73A863D8-ED4A-4532-831B-7B4C6A99C7ED}.Release|Any CPU.Build.0 = Release|Any CPU
		{282D60DE-ECAB-4639-80F4-CB214AC10FD7}.Debug|Any CPU.ActiveCfg = Debug|Any CPU
		{282D60DE-ECAB-4639-80F4-CB214AC10FD7}.Debug|Any CPU.Build.0 = Debug|Any CPU
		{282D60DE-ECAB-4639-80F4-CB214AC10FD7}.Release|Any CPU.ActiveCfg = Release|Any CPU
		{282D60DE-ECAB-4639-80F4-CB214AC10FD7}.Release|Any CPU.Build.0 = Release|Any CPU
		{0BA7BD7C-872F-488D-84E5-1CC9F4375685}.Debug|Any CPU.ActiveCfg = Debug|Any CPU
		{0BA7BD7C-872F-488D-84E5-1CC9F4375685}.Debug|Any CPU.Build.0 = Debug|Any CPU
		{0BA7BD7C-872F-488D-84E5-1CC9F4375685}.Release|Any CPU.ActiveCfg = Release|Any CPU
		{0BA7BD7C-872F-488D-84E5-1CC9F4375685}.Release|Any CPU.Build.0 = Release|Any CPU
		{28E09D1A-2950-4165-8F81-94C691427756}.Debug|Any CPU.ActiveCfg = Debug|Any CPU
		{28E09D1A-2950-4165-8F81-94C691427756}.Debug|Any CPU.Build.0 = Debug|Any CPU
		{28E09D1A-2950-4165-8F81-94C691427756}.Release|Any CPU.ActiveCfg = Release|Any CPU
		{28E09D1A-2950-4165-8F81-94C691427756}.Release|Any CPU.Build.0 = Release|Any CPU
		{280A8209-D89E-4ACB-85A3-8D742F95982A}.Debug|Any CPU.ActiveCfg = Debug|Any CPU
		{280A8209-D89E-4ACB-85A3-8D742F95982A}.Debug|Any CPU.Build.0 = Debug|Any CPU
		{280A8209-D89E-4ACB-85A3-8D742F95982A}.Release|Any CPU.ActiveCfg = Release|Any CPU
		{280A8209-D89E-4ACB-85A3-8D742F95982A}.Release|Any CPU.Build.0 = Release|Any CPU
		{E1E20638-6C9C-415C-BB78-EAA44A8C990F}.Debug|Any CPU.ActiveCfg = Debug|Any CPU
		{E1E20638-6C9C-415C-BB78-EAA44A8C990F}.Debug|Any CPU.Build.0 = Debug|Any CPU
		{E1E20638-6C9C-415C-BB78-EAA44A8C990F}.Release|Any CPU.ActiveCfg = Release|Any CPU
		{E1E20638-6C9C-415C-BB78-EAA44A8C990F}.Release|Any CPU.Build.0 = Release|Any CPU
		{2CD5850A-91FF-4585-9DB8-94D34BD18A2E}.Debug|Any CPU.ActiveCfg = Debug|Any CPU
		{2CD5850A-91FF-4585-9DB8-94D34BD18A2E}.Debug|Any CPU.Build.0 = Debug|Any CPU
		{2CD5850A-91FF-4585-9DB8-94D34BD18A2E}.Release|Any CPU.ActiveCfg = Release|Any CPU
		{2CD5850A-91FF-4585-9DB8-94D34BD18A2E}.Release|Any CPU.Build.0 = Release|Any CPU
		{2E8A6B30-FEFB-496F-9170-1B3E22ADC0CD}.Debug|Any CPU.ActiveCfg = Debug|Any CPU
		{2E8A6B30-FEFB-496F-9170-1B3E22ADC0CD}.Debug|Any CPU.Build.0 = Debug|Any CPU
		{2E8A6B30-FEFB-496F-9170-1B3E22ADC0CD}.Release|Any CPU.ActiveCfg = Release|Any CPU
		{2E8A6B30-FEFB-496F-9170-1B3E22ADC0CD}.Release|Any CPU.Build.0 = Release|Any CPU
		{DB63F18B-F38D-43FC-9882-7C834C8F9241}.Debug|Any CPU.ActiveCfg = Debug|Any CPU
		{DB63F18B-F38D-43FC-9882-7C834C8F9241}.Debug|Any CPU.Build.0 = Debug|Any CPU
		{DB63F18B-F38D-43FC-9882-7C834C8F9241}.Release|Any CPU.ActiveCfg = Release|Any CPU
		{DB63F18B-F38D-43FC-9882-7C834C8F9241}.Release|Any CPU.Build.0 = Release|Any CPU
		{942A0A37-3393-46EF-B04D-C0616E63BDEA}.Debug|Any CPU.ActiveCfg = Debug|Any CPU
		{942A0A37-3393-46EF-B04D-C0616E63BDEA}.Debug|Any CPU.Build.0 = Debug|Any CPU
		{942A0A37-3393-46EF-B04D-C0616E63BDEA}.Release|Any CPU.ActiveCfg = Release|Any CPU
		{942A0A37-3393-46EF-B04D-C0616E63BDEA}.Release|Any CPU.Build.0 = Release|Any CPU
		{12F21606-C077-44C2-88E7-0BB816682437}.Debug|Any CPU.ActiveCfg = Debug|Any CPU
		{12F21606-C077-44C2-88E7-0BB816682437}.Debug|Any CPU.Build.0 = Debug|Any CPU
		{12F21606-C077-44C2-88E7-0BB816682437}.Release|Any CPU.ActiveCfg = Release|Any CPU
		{12F21606-C077-44C2-88E7-0BB816682437}.Release|Any CPU.Build.0 = Release|Any CPU
		{B45CBD61-BF31-4BF5-A221-B83213B29D15}.Debug|Any CPU.ActiveCfg = Debug|Any CPU
		{B45CBD61-BF31-4BF5-A221-B83213B29D15}.Debug|Any CPU.Build.0 = Debug|Any CPU
		{B45CBD61-BF31-4BF5-A221-B83213B29D15}.Release|Any CPU.ActiveCfg = Release|Any CPU
		{B45CBD61-BF31-4BF5-A221-B83213B29D15}.Release|Any CPU.Build.0 = Release|Any CPU
		{7E74D61C-F289-485C-876F-B5CDF021764B}.Debug|Any CPU.ActiveCfg = Debug|Any CPU
		{7E74D61C-F289-485C-876F-B5CDF021764B}.Debug|Any CPU.Build.0 = Debug|Any CPU
		{7E74D61C-F289-485C-876F-B5CDF021764B}.Release|Any CPU.ActiveCfg = Release|Any CPU
		{7E74D61C-F289-485C-876F-B5CDF021764B}.Release|Any CPU.Build.0 = Release|Any CPU
		{6978EC3D-3DA0-4346-B0AF-7F4A3C9C7FF8}.Debug|Any CPU.ActiveCfg = Debug|Any CPU
		{6978EC3D-3DA0-4346-B0AF-7F4A3C9C7FF8}.Debug|Any CPU.Build.0 = Debug|Any CPU
		{6978EC3D-3DA0-4346-B0AF-7F4A3C9C7FF8}.Release|Any CPU.ActiveCfg = Release|Any CPU
		{6978EC3D-3DA0-4346-B0AF-7F4A3C9C7FF8}.Release|Any CPU.Build.0 = Release|Any CPU
		{CA1E2C52-B7BD-420D-9F72-2ABE41E45C40}.Debug|Any CPU.ActiveCfg = Debug|Any CPU
		{CA1E2C52-B7BD-420D-9F72-2ABE41E45C40}.Debug|Any CPU.Build.0 = Debug|Any CPU
		{CA1E2C52-B7BD-420D-9F72-2ABE41E45C40}.Release|Any CPU.ActiveCfg = Release|Any CPU
		{CA1E2C52-B7BD-420D-9F72-2ABE41E45C40}.Release|Any CPU.Build.0 = Release|Any CPU
		{B5889742-76C3-4B51-88CD-1FCF93E1FA0E}.Debug|Any CPU.ActiveCfg = Debug|Any CPU
		{B5889742-76C3-4B51-88CD-1FCF93E1FA0E}.Debug|Any CPU.Build.0 = Debug|Any CPU
		{B5889742-76C3-4B51-88CD-1FCF93E1FA0E}.Release|Any CPU.ActiveCfg = Release|Any CPU
		{B5889742-76C3-4B51-88CD-1FCF93E1FA0E}.Release|Any CPU.Build.0 = Release|Any CPU
		{6892AE17-174F-45A2-93CB-9E8099BFBECF}.Debug|Any CPU.ActiveCfg = Debug|Any CPU
		{6892AE17-174F-45A2-93CB-9E8099BFBECF}.Debug|Any CPU.Build.0 = Debug|Any CPU
		{6892AE17-174F-45A2-93CB-9E8099BFBECF}.Release|Any CPU.ActiveCfg = Release|Any CPU
		{6892AE17-174F-45A2-93CB-9E8099BFBECF}.Release|Any CPU.Build.0 = Release|Any CPU
		{9C71A8E9-1CDB-4E67-94FE-F6B2199380FD}.Debug|Any CPU.ActiveCfg = Debug|Any CPU
		{9C71A8E9-1CDB-4E67-94FE-F6B2199380FD}.Debug|Any CPU.Build.0 = Debug|Any CPU
		{9C71A8E9-1CDB-4E67-94FE-F6B2199380FD}.Release|Any CPU.ActiveCfg = Release|Any CPU
		{9C71A8E9-1CDB-4E67-94FE-F6B2199380FD}.Release|Any CPU.Build.0 = Release|Any CPU
		{BC19C5B9-C187-43D1-9C8E-52432EB4A1A4}.Debug|Any CPU.ActiveCfg = Debug|Any CPU
		{BC19C5B9-C187-43D1-9C8E-52432EB4A1A4}.Debug|Any CPU.Build.0 = Debug|Any CPU
		{BC19C5B9-C187-43D1-9C8E-52432EB4A1A4}.Release|Any CPU.ActiveCfg = Release|Any CPU
		{BC19C5B9-C187-43D1-9C8E-52432EB4A1A4}.Release|Any CPU.Build.0 = Release|Any CPU
		{B491644C-8B3E-4364-9CA3-B9D78A5B78D3}.Debug|Any CPU.ActiveCfg = Debug|Any CPU
		{B491644C-8B3E-4364-9CA3-B9D78A5B78D3}.Debug|Any CPU.Build.0 = Debug|Any CPU
		{B491644C-8B3E-4364-9CA3-B9D78A5B78D3}.Release|Any CPU.ActiveCfg = Release|Any CPU
		{B491644C-8B3E-4364-9CA3-B9D78A5B78D3}.Release|Any CPU.Build.0 = Release|Any CPU
		{325B81C5-CC03-4701-B9EA-A86648A9FD2B}.Debug|Any CPU.ActiveCfg = Debug|Any CPU
		{325B81C5-CC03-4701-B9EA-A86648A9FD2B}.Debug|Any CPU.Build.0 = Debug|Any CPU
		{325B81C5-CC03-4701-B9EA-A86648A9FD2B}.Release|Any CPU.ActiveCfg = Release|Any CPU
		{325B81C5-CC03-4701-B9EA-A86648A9FD2B}.Release|Any CPU.Build.0 = Release|Any CPU
	EndGlobalSection
	GlobalSection(SolutionProperties) = preSolution
		HideSolutionNode = FALSE
	EndGlobalSection
	GlobalSection(NestedProjects) = preSolution
		{FA38815E-FF60-45B3-99B2-67F46E48D3F2} = {3292B661-CCD1-48FD-BB75-8D8FE0AE4F75}
		{364DF0CD-27D7-4A4E-8891-0DD947FB4AA9} = {3292B661-CCD1-48FD-BB75-8D8FE0AE4F75}
		{73A863D8-ED4A-4532-831B-7B4C6A99C7ED} = {3292B661-CCD1-48FD-BB75-8D8FE0AE4F75}
		{282D60DE-ECAB-4639-80F4-CB214AC10FD7} = {3292B661-CCD1-48FD-BB75-8D8FE0AE4F75}
		{0BA7BD7C-872F-488D-84E5-1CC9F4375685} = {3292B661-CCD1-48FD-BB75-8D8FE0AE4F75}
		{28E09D1A-2950-4165-8F81-94C691427756} = {3292B661-CCD1-48FD-BB75-8D8FE0AE4F75}
		{280A8209-D89E-4ACB-85A3-8D742F95982A} = {3292B661-CCD1-48FD-BB75-8D8FE0AE4F75}
		{E1E20638-6C9C-415C-BB78-EAA44A8C990F} = {67877188-2124-4437-B560-C1AA7C25E3B9}
		{2CD5850A-91FF-4585-9DB8-94D34BD18A2E} = {67877188-2124-4437-B560-C1AA7C25E3B9}
		{2E8A6B30-FEFB-496F-9170-1B3E22ADC0CD} = {67877188-2124-4437-B560-C1AA7C25E3B9}
		{DB63F18B-F38D-43FC-9882-7C834C8F9241} = {67877188-2124-4437-B560-C1AA7C25E3B9}
		{942A0A37-3393-46EF-B04D-C0616E63BDEA} = {67877188-2124-4437-B560-C1AA7C25E3B9}
		{12F21606-C077-44C2-88E7-0BB816682437} = {E3036BD3-62C0-428A-B0D2-8CB62CB14AF5}
		{B45CBD61-BF31-4BF5-A221-B83213B29D15} = {E3036BD3-62C0-428A-B0D2-8CB62CB14AF5}
		{7E74D61C-F289-485C-876F-B5CDF021764B} = {E3036BD3-62C0-428A-B0D2-8CB62CB14AF5}
		{6978EC3D-3DA0-4346-B0AF-7F4A3C9C7FF8} = {E3036BD3-62C0-428A-B0D2-8CB62CB14AF5}
		{CA1E2C52-B7BD-420D-9F72-2ABE41E45C40} = {E3036BD3-62C0-428A-B0D2-8CB62CB14AF5}
		{B5889742-76C3-4B51-88CD-1FCF93E1FA0E} = {E3036BD3-62C0-428A-B0D2-8CB62CB14AF5}
		{6892AE17-174F-45A2-93CB-9E8099BFBECF} = {E3036BD3-62C0-428A-B0D2-8CB62CB14AF5}
		{9C71A8E9-1CDB-4E67-94FE-F6B2199380FD} = {E3036BD3-62C0-428A-B0D2-8CB62CB14AF5}
		{BC19C5B9-C187-43D1-9C8E-52432EB4A1A4} = {E3036BD3-62C0-428A-B0D2-8CB62CB14AF5}
		{B491644C-8B3E-4364-9CA3-B9D78A5B78D3} = {E3036BD3-62C0-428A-B0D2-8CB62CB14AF5}
		{325B81C5-CC03-4701-B9EA-A86648A9FD2B} = {E3036BD3-62C0-428A-B0D2-8CB62CB14AF5}
	EndGlobalSection
EndGlobal
